{
  "name": "compiler",
  "version": "1.0.0",
  "lockfileVersion": 1,
  "dependencies": {
    "sealang": {
      "version": "1.0.0",
      "resolved": "https://registry.npmjs.org/sealang/-/sealang-1.0.0.tgz",
      "integrity": "sha512-XmVel8McjZWAUVHViQOPkgYtXHnJGHw+hqxwzR1SN/1XvRX7FaVYGNjdQPB3cXwxcVkuc8K7yO5bHe1ys0tbBQ=="
    }
  }
}
